{
  "nodes": {
    "nixpkgs": {
      "locked": {
        "lastModified": 1767640445,
        "narHash": "sha256-XGMkFuE+RUk53OkOzxSNQdavHwdbQzCzLnv+IvsJZKs=",
        "rev": "9f0c42f8bc7151b8e7e5840fb3bd454ad850d8c5",
        "type": "tarball",
        "url": "https://releases.nixos.org/nixos/unstable/nixos-26.05pre922875.9f0c42f8bc71/nixexprs.tar.xz?lastModified=1767640445&rev=9f0c42f8bc7151b8e7e5840fb3bd454ad850d8c5"
      },
      "original": {
        "type": "tarball",
        "url": "https://channels.nixos.org/nixos-unstable/nixexprs.tar.xz"
      }
    },
    "root": {
      "inputs": {
        "nixpkgs": "nixpkgs"
      }
    }
  },
  "root": "root",
  "version": 7
}
